
Microsoft Visual Studio Solution File, Format Version 12.00
# Visual Studio Version 17
VisualStudioVersion = 17.10.35027.167
MinimumVisualStudioVersion = 10.0.40219.1
Project("{FAE04EC0-301F-11D3-BF4B-00C04F79EFBC}") = "TestAssignmentsApi", "TestAssignmentsApi.csproj", "{73F64F6C-5BC4-4CCA-A9A4-43907D5D5CD1}"
EndProject
Global
	GlobalSection(SolutionConfigurationPlatforms) = preSolution
		Debug|Any CPU = Debug|Any CPU
		Release|Any CPU = Release|Any CPU
	EndGlobalSection
	GlobalSection(ProjectConfigurationPlatforms) = postSolution
		{73F64F6C-5BC4-4CCA-A9A4-43907D5D5CD1}.Debug|Any CPU.ActiveCfg = Debug|Any CPU
		{73F64F6C-5BC4-4CCA-A9A4-43907D5D5CD1}.Debug|Any CPU.Build.0 = Debug|Any CPU
		{73F64F6C-5BC4-4CCA-A9A4-43907D5D5CD1}.Release|Any CPU.ActiveCfg = Release|Any CPU
		{73F64F6C-5BC4-4CCA-A9A4-43907D5D5CD1}.Release|Any CPU.Build.0 = Release|Any CPU
	EndGlobalSection
	GlobalSection(SolutionProperties) = preSolution
		HideSolutionNode = FALSE
	EndGlobalSection
	GlobalSection(ExtensibilityGlobals) = postSolution
		SolutionGuid = {330E9268-E44B-4D3C-BC4F-9F78F10D15E1}
	EndGlobalSection
EndGlobal
